// !$*UTF8*$!
{
	archiveVersion = 1;
	classes = {
	};
	objectVersion = 50;
	objects = {

/* Begin PBXBuildFile section */
		188140EE2410110000A75AED /* AppDelegate.swift in Sources */ = {isa = PBXBuildFile; fileRef = 188140ED2410110000A75AED /* AppDelegate.swift */; };
		188140F02410110000A75AED /* ViewController.swift in Sources */ = {isa = PBXBuildFile; fileRef = 188140EF2410110000A75AED /* ViewController.swift */; };
		188140F32410110000A75AED /* Main.storyboard in Resources */ = {isa = PBXBuildFile; fileRef = 188140F12410110000A75AED /* Main.storyboard */; };
		188140F52410110000A75AED /* Assets.xcassets in Resources */ = {isa = PBXBuildFile; fileRef = 188140F42410110000A75AED /* Assets.xcassets */; };
		188140F82410110000A75AED /* LaunchScreen.storyboard in Resources */ = {isa = PBXBuildFile; fileRef = 188140F62410110000A75AED /* LaunchScreen.storyboard */; };
		188141032410110000A75AED /* Simple_Switch_ExampleTests.swift in Sources */ = {isa = PBXBuildFile; fileRef = 188141022410110000A75AED /* Simple_Switch_ExampleTests.swift */; };
		1881410E2410110000A75AED /* Simple_Switch_ExampleUITests.swift in Sources */ = {isa = PBXBuildFile; fileRef = 1881410D2410110000A75AED /* Simple_Switch_ExampleUITests.swift */; };
/* End PBXBuildFile section */

/* Begin PBXContainerItemProxy section */
		188140FF2410110000A75AED /* PBXContainerItemProxy */ = {
			isa = PBXContainerItemProxy;
			containerPortal = 188140E22410110000A75AED /* Project object */;
			proxyType = 1;
			remoteGlobalIDString = 188140E92410110000A75AED;
			remoteInfo = "Simple Switch Example";
		};
		1881410A2410110000A75AED /* PBXContainerItemProxy */ = {
			isa = PBXContainerItemProxy;
			containerPortal = 188140E22410110000A75AED /* Project object */;
			proxyType = 1;
			remoteGlobalIDString = 188140E92410110000A75AED;
			remoteInfo = "Simple Switch Example";
		};
/* End PBXContainerItemProxy section */

/* Begin PBXFileReference section */
		188140EA2410110000A75AED /* Simple Switch Example.app */ = {isa = PBXFileReference; explicitFileType = wrapper.application; includeInIndex = 0; path = "Simple Switch Example.app"; sourceTree = BUILT_PRODUCTS_DIR; };
		188140ED2410110000A75AED /* AppDelegate.swift */ = {isa = PBXFileReference; lastKnownFileType = sourcecode.swift; path = AppDelegate.swift; sourceTree = "<group>"; };
		188140EF2410110000A75AED /* ViewController.swift */ = {isa = PBXFileReference; lastKnownFileType = sourcecode.swift; path = ViewController.swift; sourceTree = "<group>"; };
		188140F22410110000A75AED /* Base */ = {isa = PBXFileReference; lastKnownFileType = file.storyboard; name = Base; path = Base.lproj/Main.storyboard; sourceTree = "<group>"; };
		188140F42410110000A75AED /* Assets.xcassets */ = {isa = PBXFileReference; lastKnownFileType = folder.assetcatalog; path = Assets.xcassets; sourceTree = "<group>"; };
		188140F72410110000A75AED /* Base */ = {isa = PBXFileReference; lastKnownFileType = file.storyboard; name = Base; path = Base.lproj/LaunchScreen.storyboard; sourceTree = "<group>"; };
		188140F92410110000A75AED /* Info.plist */ = {isa = PBXFileReference; lastKnownFileType = text.plist.xml; path = Info.plist; sourceTree = "<group>"; };
		188140FE2410110000A75AED /* Simple Switch ExampleTests.xctest */ = {isa = PBXFileReference; explicitFileType = wrapper.cfbundle; includeInIndex = 0; path = "Simple Switch ExampleTests.xctest"; sourceTree = BUILT_PRODUCTS_DIR; };
		188141022410110000A75AED /* Simple_Switch_ExampleTests.swift */ = {isa = PBXFileReference; lastKnownFileType = sourcecode.swift; path = Simple_Switch_ExampleTests.swift; sourceTree = "<group>"; };
		188141042410110000A75AED /* Info.plist */ = {isa = PBXFileReference; lastKnownFileType = text.plist.xml; path = Info.plist; sourceTree = "<group>"; };
		188141092410110000A75AED /* Simple Switch ExampleUITests.xctest */ = {isa = PBXFileReference; explicitFileType = wrapper.cfbundle; includeInIndex = 0; path = "Simple Switch ExampleUITests.xctest"; sourceTree = BUILT_PRODUCTS_DIR; };
		1881410D2410110000A75AED /* Simple_Switch_ExampleUITests.swift */ = {isa = PBXFileReference; lastKnownFileType = sourcecode.swift; path = Simple_Switch_ExampleUITests.swift; sourceTree = "<group>"; };
		1881410F2410110000A75AED /* Info.plist */ = {isa = PBXFileReference; lastKnownFileType = text.plist.xml; path = Info.plist; sourceTree = "<group>"; };
/* End PBXFileReference section */

/* Begin PBXFrameworksBuildPhase section */
		188140E72410110000A75AED /* Frameworks */ = {
			isa = PBXFrameworksBuildPhase;
			buildActionMask = 2147483647;
			files = (
			);
			runOnlyForDeploymentPostprocessing = 0;
		};
		188140FB2410110000A75AED /* Frameworks */ = {
			isa = PBXFrameworksBuildPhase;
			buildActionMask = 2147483647;
			files = (
			);
			runOnlyForDeploymentPostprocessing = 0;
		};
		188141062410110000A75AED /* Frameworks */ = {
			isa = PBXFrameworksBuildPhase;
			buildActionMask = 2147483647;
			files = (
			);
			runOnlyForDeploymentPostprocessing = 0;
		};
/* End PBXFrameworksBuildPhase section */

/* Begin PBXGroup section */
		188140E12410110000A75AED = {
			isa = PBXGroup;
			children = (
				188140EC2410110000A75AED /* Simple Switch Example */,
				188141012410110000A75AED /* Simple Switch ExampleTests */,
				1881410C2410110000A75AED /* Simple Switch ExampleUITests */,
				188140EB2410110000A75AED /* Products */,
			);
			sourceTree = "<group>";
		};
		188140EB2410110000A75AED /* Products */ = {
			isa = PBXGroup;
			children = (
				188140EA2410110000A75AED /* Simple Switch Example.app */,
				188140FE2410110000A75AED /* Simple Switch ExampleTests.xctest */,
				188141092410110000A75AED /* Simple Switch ExampleUITests.xctest */,
			);
			name = Products;
			sourceTree = "<group>";
		};
		188140EC2410110000A75AED /* Simple Switch Example */ = {
			isa = PBXGroup;
			children = (
				188140ED2410110000A75AED /* AppDelegate.swift */,
				188140EF2410110000A75AED /* ViewController.swift */,
				188140F12410110000A75AED /* Main.storyboard */,
				188140F42410110000A75AED /* Assets.xcassets */,
				188140F62410110000A75AED /* LaunchScreen.storyboard */,
				188140F92410110000A75AED /* Info.plist */,
			);
			path = "Simple Switch Example";
			sourceTree = "<group>";
		};
		188141012410110000A75AED /* Simple Switch ExampleTests */ = {
			isa = PBXGroup;
			children = (
				188141022410110000A75AED /* Simple_Switch_ExampleTests.swift */,
				188141042410110000A75AED /* Info.plist */,
			);
			path = "Simple Switch ExampleTests";
			sourceTree = "<group>";
		};
		1881410C2410110000A75AED /* Simple Switch ExampleUITests */ = {
			isa = PBXGroup;
			children = (
				1881410D2410110000A75AED /* Simple_Switch_ExampleUITests.swift */,
				1881410F2410110000A75AED /* Info.plist */,
			);
			path = "Simple Switch ExampleUITests";
			sourceTree = "<group>";
		};
/* End PBXGroup section */

/* Begin PBXNativeTarget section */
		188140E92410110000A75AED /* Simple Switch Example */ = {
			isa = PBXNativeTarget;
			buildConfigurationList = 188141122410110000A75AED /* Build configuration list for PBXNativeTarget "Simple Switch Example" */;
			buildPhases = (
				188140E62410110000A75AED /* Sources */,
				188140E72410110000A75AED /* Frameworks */,
				188140E82410110000A75AED /* Resources */,
			);
			buildRules = (
			);
			dependencies = (
			);
			name = "Simple Switch Example";
			productName = "Simple Switch Example";
			productReference = 188140EA2410110000A75AED /* Simple Switch Example.app */;
			productType = "com.apple.product-type.application";
		};
		188140FD2410110000A75AED /* Simple Switch ExampleTests */ = {
			isa = PBXNativeTarget;
			buildConfigurationList = 188141152410110000A75AED /* Build configuration list for PBXNativeTarget "Simple Switch ExampleTests" */;
			buildPhases = (
				188140FA2410110000A75AED /* Sources */,
				188140FB2410110000A75AED /* Frameworks */,
				188140FC2410110000A75AED /* Resources */,
			);
			buildRules = (
			);
			dependencies = (
				188141002410110000A75AED /* PBXTargetDependency */,
			);
			name = "Simple Switch ExampleTests";
			productName = "Simple Switch ExampleTests";
			productReference = 188140FE2410110000A75AED /* Simple Switch ExampleTests.xctest */;
			productType = "com.apple.product-type.bundle.unit-test";
		};
		188141082410110000A75AED /* Simple Switch ExampleUITests */ = {
			isa = PBXNativeTarget;
			buildConfigurationList = 188141182410110000A75AED /* Build configuration list for PBXNativeTarget "Simple Switch ExampleUITests" */;
			buildPhases = (
				188141052410110000A75AED /* Sources */,
				188141062410110000A75AED /* Frameworks */,
				188141072410110000A75AED /* Resources */,
			);
			buildRules = (
			);
			dependencies = (
				1881410B2410110000A75AED /* PBXTargetDependency */,
			);
			name = "Simple Switch ExampleUITests";
			productName = "Simple Switch ExampleUITests";
			productReference = 188141092410110000A75AED /* Simple Switch ExampleUITests.xctest */;
			productType = "com.apple.product-type.bundle.ui-testing";
		};
/* End PBXNativeTarget section */

/* Begin PBXProject section */
		188140E22410110000A75AED /* Project object */ = {
			isa = PBXProject;
			attributes = {
				LastSwiftUpdateCheck = 1020;
				LastUpgradeCheck = 1020;
				ORGANIZATIONNAME = Lab1;
				TargetAttributes = {
					188140E92410110000A75AED = {
						CreatedOnToolsVersion = 10.2;
					};
					188140FD2410110000A75AED = {
						CreatedOnToolsVersion = 10.2;
						TestTargetID = 188140E92410110000A75AED;
					};
					188141082410110000A75AED = {
						CreatedOnToolsVersion = 10.2;
						TestTargetID = 188140E92410110000A75AED;
					};
				};
			};
			buildConfigurationList = 188140E52410110000A75AED /* Build configuration list for PBXProject "Simple Switch Example" */;
			compatibilityVersion = "Xcode 9.3";
			developmentRegion = en;
			hasScannedForEncodings = 0;
			knownRegions = (
				en,
				Base,
			);
			mainGroup = 188140E12410110000A75AED;
			productRefGroup = 188140EB2410110000A75AED /* Products */;
			projectDirPath = "";
			projectRoot = "";
			targets = (
				188140E92410110000A75AED /* Simple Switch Example */,
				188140FD2410110000A75AED /* Simple Switch ExampleTests */,
				188141082410110000A75AED /* Simple Switch ExampleUITests */,
			);
		};
/* End PBXProject section */

/* Begin PBXResourcesBuildPhase section */
		188140E82410110000A75AED /* Resources */ = {
			isa = PBXResourcesBuildPhase;
			buildActionMask = 2147483647;
			files = (
				188140F82410110000A75AED /* LaunchScreen.storyboard in Resources */,
				188140F52410110000A75AED /* Assets.xcassets in Resources */,
				188140F32410110000A75AED /* Main.storyboard in Resources */,
			);
			runOnlyForDeploymentPostprocessing = 0;
		};
		188140FC2410110000A75AED /* Resources */ = {
			isa = PBXResourcesBuildPhase;
			buildActionMask = 2147483647;
			files = (
			);
			runOnlyForDeploymentPostprocessing = 0;
		};
		188141072410110000A75AED /* Resources */ = {
			isa = PBXResourcesBuildPhase;
			buildActionMask = 2147483647;
			files = (
			);
			runOnlyForDeploymentPostprocessing = 0;
		};
/* End PBXResourcesBuildPhase section */

/* Begin PBXSourcesBuildPhase section */
		188140E62410110000A75AED /* Sources */ = {
			isa = PBXSourcesBuildPhase;
			buildActionMask = 2147483647;
			files = (
				188140F02410110000A75AED /* ViewController.swift in Sources */,
				188140EE2410110000A75AED /* AppDelegate.swift in Sources */,
			);
			runOnlyForDeploymentPostprocessing = 0;
		};
		188140FA2410110000A75AED /* Sources */ = {
			isa = PBXSourcesBuildPhase;
			buildActionMask = 2147483647;
			files = (
				188141032410110000A75AED /* Simple_Switch_ExampleTests.swift in Sources */,
			);
			runOnlyForDeploymentPostprocessing = 0;
		};
		188141052410110000A75AED /* Sources */ = {
			isa = PBXSourcesBuildPhase;
			buildActionMask = 2147483647;
			files = (
				1881410E2410110000A75AED /* Simple_Switch_ExampleUITests.swift in Sources */,
			);
			runOnlyForDeploymentPostprocessing = 0;
		};
/* End PBXSourcesBuildPhase section */

/* Begin PBXTargetDependency section */
		188141002410110000A75AED /* PBXTargetDependency */ = {
			isa = PBXTargetDependency;
			target = 188140E92410110000A75AED /* Simple Switch Example */;
			targetProxy = 188140FF2410110000A75AED /* PBXContainerItemProxy */;
		};
		1881410B2410110000A75AED /* PBXTargetDependency */ = {
			isa = PBXTargetDependency;
			target = 188140E92410110000A75AED /* Simple Switch Example */;
			targetProxy = 1881410A2410110000A75AED /* PBXContainerItemProxy */;
		};
/* End PBXTargetDependency section */

/* Begin PBXVariantGroup section */
		188140F12410110000A75AED /* Main.storyboard */ = {
			isa = PBXVariantGroup;
			children = (
				188140F22410110000A75AED /* Base */,
			);
			name = Main.storyboard;
			sourceTree = "<group>";
		};
		188140F62410110000A75AED /* LaunchScreen.storyboard */ = {
			isa = PBXVariantGroup;
			children = (
				188140F72410110000A75AED /* Base */,
			);
			name = LaunchScreen.storyboard;
			sourceTree = "<group>";
		};
/* End PBXVariantGroup section */

/* Begin XCBuildConfiguration section */
		188141102410110000A75AED /* Debug */ = {
			isa = XCBuildConfiguration;
			buildSettings = {
				ALWAYS_SEARCH_USER_PATHS = NO;
				CLANG_ANALYZER_NONNULL = YES;
				CLANG_ANALYZER_NUMBER_OBJECT_CONVERSION = YES_AGGRESSIVE;
				CLANG_CXX_LANGUAGE_STANDARD = "gnu++14";
				CLANG_CXX_LIBRARY = "libc++";
				CLANG_ENABLE_MODULES = YES;
				CLANG_ENABLE_OBJC_ARC = YES;
				CLANG_ENABLE_OBJC_WEAK = YES;
				CLANG_WARN_BLOCK_CAPTURE_AUTORELEASING = YES;
				CLANG_WARN_BOOL_CONVERSION = YES;
				CLANG_WARN_COMMA = YES;
				CLANG_WARN_CONSTANT_CONVERSION = YES;
				CLANG_WARN_DEPRECATED_OBJC_IMPLEMENTATIONS = YES;
				CLANG_WARN_DIRECT_OBJC_ISA_USAGE = YES_ERROR;
				CLANG_WARN_DOCUMENTATION_COMMENTS = YES;
				CLANG_WARN_EMPTY_BODY = YES;
				CLANG_WARN_ENUM_CONVERSION = YES;
				CLANG_WARN_INFINITE_RECURSION = YES;
				CLANG_WARN_INT_CONVERSION = YES;
				CLANG_WARN_NON_LITERAL_NULL_CONVERSION = YES;
				CLANG_WARN_OBJC_IMPLICIT_RETAIN_SELF = YES;
				CLANG_WARN_OBJC_LITERAL_CONVERSION = YES;
				CLANG_WARN_OBJC_ROOT_CLASS = YES_ERROR;
				CLANG_WARN_RANGE_LOOP_ANALYSIS = YES;
				CLANG_WARN_STRICT_PROTOTYPES = YES;
				CLANG_WARN_SUSPICIOUS_MOVE = YES;
				CLANG_WARN_UNGUARDED_AVAILABILITY = YES_AGGRESSIVE;
				CLANG_WARN_UNREACHABLE_CODE = YES;
				CLANG_WARN__DUPLICATE_METHOD_MATCH = YES;
				CODE_SIGN_IDENTITY = "iPhone Developer";
				COPY_PHASE_STRIP = NO;
				DEBUG_INFORMATION_FORMAT = dwarf;
				ENABLE_STRICT_OBJC_MSGSEND = YES;
				ENABLE_TESTABILITY = YES;
				GCC_C_LANGUAGE_STANDARD = gnu11;
				GCC_DYNAMIC_NO_PIC = NO;
				GCC_NO_COMMON_BLOCKS = YES;
				GCC_OPTIMIZATION_LEVEL = 0;
				GCC_PREPROCESSOR_DEFINITIONS = (
					"DEBUG=1",
					"$(inherited)",
				);
				GCC_WARN_64_TO_32_BIT_CONVERSION = YES;
				GCC_WARN_ABOUT_RETURN_TYPE = YES_ERROR;
				GCC_WARN_UNDECLARED_SELECTOR = YES;
				GCC_WARN_UNINITIALIZED_AUTOS = YES_AGGRESSIVE;
				GCC_WARN_UNUSED_FUNCTION = YES;
				GCC_WARN_UNUSED_VARIABLE = YES;
				IPHONEOS_DEPLOYMENT_TARGET = 12.2;
				MTL_ENABLE_DEBUG_INFO = INCLUDE_SOURCE;
				MTL_FAST_MATH = YES;
				ONLY_ACTIVE_ARCH = YES;
				SDKROOT = iphoneos;
				SWIFT_ACTIVE_COMPILATION_CONDITIONS = DEBUG;
				SWIFT_OPTIMIZATION_LEVEL = "-Onone";
			};
			name = Debug;
		};
		188141112410110000A75AED /* Release */ = {
			isa = XCBuildConfiguration;
			buildSettings = {
				ALWAYS_SEARCH_USER_PATHS = NO;
				CLANG_ANALYZER_NONNULL = YES;
				CLANG_ANALYZER_NUMBER_OBJECT_CONVERSION = YES_AGGRESSIVE;
				CLANG_CXX_LANGUAGE_STANDARD = "gnu++14";
				CLANG_CXX_LIBRARY = "libc++";
				CLANG_ENABLE_MODULES = YES;
				CLANG_ENABLE_OBJC_ARC = YES;
				CLANG_ENABLE_OBJC_WEAK = YES;
				CLANG_WARN_BLOCK_CAPTURE_AUTORELEASING = YES;
				CLANG_WARN_BOOL_CONVERSION = YES;
				CLANG_WARN_COMMA = YES;
				CLANG_WARN_CONSTANT_CONVERSION = YES;
				CLANG_WARN_DEPRECATED_OBJC_IMPLEMENTATIONS = YES;
				CLANG_WARN_DIRECT_OBJC_ISA_USAGE = YES_ERROR;
				CLANG_WARN_DOCUMENTATION_COMMENTS = YES;
				CLANG_WARN_EMPTY_BODY = YES;
				CLANG_WARN_ENUM_CONVERSION = YES;
				CLANG_WARN_INFINITE_RECURSION = YES;
				CLANG_WARN_INT_CONVERSION = YES;
				CLANG_WARN_NON_LITERAL_NULL_CONVERSION = YES;
				CLANG_WARN_OBJC_IMPLICIT_RETAIN_SELF = YES;
				CLANG_WARN_OBJC_LITERAL_CONVERSION = YES;
				CLANG_WARN_OBJC_ROOT_CLASS = YES_ERROR;
				CLANG_WARN_RANGE_LOOP_ANALYSIS = YES;
				CLANG_WARN_STRICT_PROTOTYPES = YES;
				CLANG_WARN_SUSPICIOUS_MOVE = YES;
				CLANG_WARN_UNGUARDED_AVAILABILITY = YES_AGGRESSIVE;
				CLANG_WARN_UNREACHABLE_CODE = YES;
				CLANG_WARN__DUPLICATE_METHOD_MATCH = YES;
				CODE_SIGN_IDENTITY = "iPhone Developer";
				COPY_PHASE_STRIP = NO;
				DEBUG_INFORMATION_FORMAT = "dwarf-with-dsym";
				ENABLE_NS_ASSERTIONS = NO;
				ENABLE_STRICT_OBJC_MSGSEND = YES;
				GCC_C_LANGUAGE_STANDARD = gnu11;
				GCC_NO_COMMON_BLOCKS = YES;
				GCC_WARN_64_TO_32_BIT_CONVERSION = YES;
				GCC_WARN_ABOUT_RETURN_TYPE = YES_ERROR;
				GCC_WARN_UNDECLARED_SELECTOR = YES;
				GCC_WARN_UNINITIALIZED_AUTOS = YES_AGGRESSIVE;
				GCC_WARN_UNUSED_FUNCTION = YES;
				GCC_WARN_UNUSED_VARIABLE = YES;
				IPHONEOS_DEPLOYMENT_TARGET = 12.2;
				MTL_ENABLE_DEBUG_INFO = NO;
				MTL_FAST_MATH = YES;
				SDKROOT = iphoneos;
				SWIFT_COMPILATION_MODE = wholemodule;
				SWIFT_OPTIMIZATION_LEVEL = "-O";
				VALIDATE_PRODUCT = YES;
			};
			name = Release;
		};
		188141132410110000A75AED /* Debug */ = {
			isa = XCBuildConfiguration;
			buildSettings = {
				ASSETCATALOG_COMPILER_APPICON_NAME = AppIcon;
				CODE_SIGN_STYLE = Automatic;
				INFOPLIST_FILE = "Simple Switch Example/Info.plist";
				LD_RUNPATH_SEARCH_PATHS = (
					"$(inherited)",
					"@executable_path/Frameworks",
				);
				PRODUCT_BUNDLE_IDENTIFIER = "com.lab1.Simple-Switch-Example";
				PRODUCT_NAME = "$(TARGET_NAME)";
				SWIFT_VERSION = 5.0;
				TARGETED_DEVICE_FAMILY = "1,2";
			};
			name = Debug;
		};
		188141142410110000A75AED /* Release */ = {
			isa = XCBuildConfiguration;
			buildSettings = {
				ASSETCATALOG_COMPILER_APPICON_NAME = AppIcon;
				CODE_SIGN_STYLE = Automatic;
				INFOPLIST_FILE = "Simple Switch Example/Info.plist";
				LD_RUNPATH_SEARCH_PATHS = (
					"$(inherited)",
					"@executable_path/Frameworks",
				);
				PRODUCT_BUNDLE_IDENTIFIER = "com.lab1.Simple-Switch-Example";
				PRODUCT_NAME = "$(TARGET_NAME)";
				SWIFT_VERSION = 5.0;
				TARGETED_DEVICE_FAMILY = "1,2";
			};
			name = Release;
		};
		188141162410110000A75AED /* Debug */ = {
			isa = XCBuildConfiguration;
			buildSettings = {
				ALWAYS_EMBED_SWIFT_STANDARD_LIBRARIES = YES;
				BUNDLE_LOADER = "$(TEST_HOST)";
				CODE_SIGN_STYLE = Automatic;
				INFOPLIST_FILE = "Simple Switch ExampleTests/Info.plist";
				LD_RUNPATH_SEARCH_PATHS = (
					"$(inherited)",
					"@executable_path/Frameworks",
					"@loader_path/Frameworks",
				);
				PRODUCT_BUNDLE_IDENTIFIER = "com.lab1.Simple-Switch-ExampleTests";
				PRODUCT_NAME = "$(TARGET_NAME)";
				SWIFT_VERSION = 5.0;
				TARGETED_DEVICE_FAMILY = "1,2";
				TEST_HOST = "$(BUILT_PRODUCTS_DIR)/Simple Switch Example.app/Simple Switch Example";
			};
			name = Debug;
		};
		188141172410110000A75AED /* Release */ = {
			isa = XCBuildConfiguration;
			buildSettings = {
				ALWAYS_EMBED_SWIFT_STANDARD_LIBRARIES = YES;
				BUNDLE_LOADER = "$(TEST_HOST)";
				CODE_SIGN_STYLE = Automatic;
				INFOPLIST_FILE = "Simple Switch ExampleTests/Info.plist";
				LD_RUNPATH_SEARCH_PATHS = (
					"$(inherited)",
					"@executable_path/Frameworks",
					"@loader_path/Frameworks",
				);
				PRODUCT_BUNDLE_IDENTIFIER = "com.lab1.Simple-Switch-ExampleTests";
				PRODUCT_NAME = "$(TARGET_NAME)";
				SWIFT_VERSION = 5.0;
				TARGETED_DEVICE_FAMILY = "1,2";
				TEST_HOST = "$(BUILT_PRODUCTS_DIR)/Simple Switch Example.app/Simple Switch Example";
			};
			name = Release;
		};
		188141192410110000A75AED /* Debug */ = {
			isa = XCBuildConfiguration;
			buildSettings = {
				ALWAYS_EMBED_SWIFT_STANDARD_LIBRARIES = YES;
				CODE_SIGN_STYLE = Automatic;
				INFOPLIST_FILE = "Simple Switch ExampleUITests/Info.plist";
				LD_RUNPATH_SEARCH_PATHS = (
					"$(inherited)",
					"@executable_path/Frameworks",
					"@loader_path/Frameworks",
				);
				PRODUCT_BUNDLE_IDENTIFIER = "com.lab1.Simple-Switch-ExampleUITests";
				PRODUCT_NAME = "$(TARGET_NAME)";
				SWIFT_VERSION = 5.0;
				TARGETED_DEVICE_FAMILY = "1,2";
				TEST_TARGET_NAME = "Simple Switch Example";
			};
			name = Debug;
		};
		1881411A2410110000A75AED /* Release */ = {
			isa = XCBuildConfiguration;
			buildSettings = {
				ALWAYS_EMBED_SWIFT_STANDARD_LIBRARIES = YES;
				CODE_SIGN_STYLE = Automatic;
				INFOPLIST_FILE = "Simple Switch ExampleUITests/Info.plist";
				LD_RUNPATH_SEARCH_PATHS = (
					"$(inherited)",
					"@executable_path/Frameworks",
					"@loader_path/Frameworks",
				);
				PRODUCT_BUNDLE_IDENTIFIER = "com.lab1.Simple-Switch-ExampleUITests";
				PRODUCT_NAME = "$(TARGET_NAME)";
				SWIFT_VERSION = 5.0;
				TARGETED_DEVICE_FAMILY = "1,2";
				TEST_TARGET_NAME = "Simple Switch Example";
			};
			name = Release;
		};
/* End XCBuildConfiguration section */

/* Begin XCConfigurationList section */
		188140E52410110000A75AED /* Build configuration list for PBXProject "Simple Switch Example" */ = {
			isa = XCConfigurationList;
			buildConfigurations = (
				188141102410110000A75AED /* Debug */,
				188141112410110000A75AED /* Release */,
			);
			defaultConfigurationIsVisible = 0;
			defaultConfigurationName = Release;
		};
		188141122410110000A75AED /* Build configuration list for PBXNativeTarget "Simple Switch Example" */ = {
			isa = XCConfigurationList;
			buildConfigurations = (
				188141132410110000A75AED /* Debug */,
				188141142410110000A75AED /* Release */,
			);
			defaultConfigurationIsVisible = 0;
			defaultConfigurationName = Release;
		};
		188141152410110000A75AED /* Build configuration list for PBXNativeTarget "Simple Switch ExampleTests" */ = {
			isa = XCConfigurationList;
			buildConfigurations = (
				188141162410110000A75AED /* Debug */,
				188141172410110000A75AED /* Release */,
			);
			defaultConfigurationIsVisible = 0;
			defaultConfigurationName = Release;
		};
		188141182410110000A75AED /* Build configuration list for PBXNativeTarget "Simple Switch ExampleUITests" */ = {
			isa = XCConfigurationList;
			buildConfigurations = (
				188141192410110000A75AED /* Debug */,
				1881411A2410110000A75AED /* Release */,
			);
			defaultConfigurationIsVisible = 0;
			defaultConfigurationName = Release;
		};
/* End XCConfigurationList section */
	};
	rootObject = 188140E22410110000A75AED /* Project object */;
}
